
Microsoft Visual Studio Solution File, Format Version 12.00
# Visual Studio Version 17
VisualStudioVersion = 17.13.35825.156 d17.13
MinimumVisualStudioVersion = 10.0.40219.1
Project("{FAE04EC0-301F-11D3-BF4B-00C04F79EFBC}") = "Library Management System", "Library Management System\Library Management System.csproj", "{364249A1-1E0E-44F2-B8E8-C0AD9C6C8D57}"
EndProject
Global
	GlobalSection(SolutionConfigurationPlatforms) = preSolution
		Debug|Any CPU = Debug|Any CPU
		Release|Any CPU = Release|Any CPU
	EndGlobalSection
	GlobalSection(ProjectConfigurationPlatforms) = postSolution
		{364249A1-1E0E-44F2-B8E8-C0AD9C6C8D57}.Debug|Any CPU.ActiveCfg = Debug|Any CPU
		{364249A1-1E0E-44F2-B8E8-C0AD9C6C8D57}.Debug|Any CPU.Build.0 = Debug|Any CPU
		{364249A1-1E0E-44F2-B8E8-C0AD9C6C8D57}.Release|Any CPU.ActiveCfg = Release|Any CPU
		{364249A1-1E0E-44F2-B8E8-C0AD9C6C8D57}.Release|Any CPU.Build.0 = Release|Any CPU
	EndGlobalSection
	GlobalSection(SolutionProperties) = preSolution
		HideSolutionNode = FALSE
	EndGlobalSection
	GlobalSection(ExtensibilityGlobals) = postSolution
		SolutionGuid = {39CDA5D3-B83B-4064-BA29-200F126A640F}
	EndGlobalSection
EndGlobal
